{
    "_meta": {
        "hash": {
            "sha256": "e4b2e779db59fc45540cda09996be5e9950135c80d3646cf2791880955bf767b"
        },
        "pipfile-spec": 6,
        "requires": {
            "python_version": "3.7"
        },
        "sources": [
            {
                "name": "pypi",
                "url": "https://pypi.org/simple",
                "verify_ssl": true
            }
        ]
    },
    "default": {
        "click": {
            "hashes": [
                "sha256:353f466495adaeb40b6b5f592f9f91cb22372351c84caeb068132442a4518ef3",
                "sha256:410e932b050f5eed773c4cda94de75971c89cdb3155a72a0831139a79e5ecb5b"
            ],
            "markers": "python_version >= '3.6'",
            "version": "==8.0.3"
        },
        "flask": {
            "hashes": [
                "sha256:7b2fb8e934ddd50731893bdcdb00fc8c0315916f9fcd50d22c7cc1a95ab634e2",
                "sha256:cb90f62f1d8e4dc4621f52106613488b5ba826b2e1e10a33eac92f723093ab6a"
            ],
            "index": "pypi",
            "version": "==2.0.2"
        },
        "flask-marshmallow": {
            "hashes": [
                "sha256:2adcd782b5a4a6c5ae3c96701f320d8ca6997995a52b2661093c56cc3ed24754",
                "sha256:bd01a6372cbe50e36f205cfff0fc5dab0b7b662c4c8b2c4fc06a3151b2950950"
            ],
            "index": "pypi",
            "version": "==0.14.0"
        },
        "flask-sqlalchemy": {
            "hashes": [
                "sha256:2bda44b43e7cacb15d4e05ff3cc1f8bc97936cc464623424102bfc2c35e95912",
                "sha256:f12c3d4cc5cc7fdcc148b9527ea05671718c3ea45d50c7e732cceb33f574b390"
            ],
            "index": "pypi",
            "version": "==2.5.1"
        },
        "greenlet": {
            "hashes": [
                "sha256:00e44c8afdbe5467e4f7b5851be223be68adb4272f44696ee71fe46b7036a711",
                "sha256:013d61294b6cd8fe3242932c1c5e36e5d1db2c8afb58606c5a67efce62c1f5fd",
                "sha256:049fe7579230e44daef03a259faa24511d10ebfa44f69411d99e6a184fe68073",
                "sha256:14d4f3cd4e8b524ae9b8aa567858beed70c392fdec26dbdb0a8a418392e71708",
                "sha256:166eac03e48784a6a6e0e5f041cfebb1ab400b394db188c48b3a84737f505b67",
                "sha256:17ff94e7a83aa8671a25bf5b59326ec26da379ace2ebc4411d690d80a7fbcf23",
                "sha256:1e12bdc622676ce47ae9abbf455c189e442afdde8818d9da983085df6312e7a1",
                "sha256:21915eb821a6b3d9d8eefdaf57d6c345b970ad722f856cd71739493ce003ad08",
                "sha256:288c6a76705dc54fba69fbcb59904ae4ad768b4c768839b8ca5fdadec6dd8cfd",
                "sha256:32ca72bbc673adbcfecb935bb3fb1b74e663d10a4b241aaa2f5a75fe1d1f90aa",
                "sha256:356b3576ad078c89a6107caa9c50cc14e98e3a6c4874a37c3e0273e4baf33de8",
                "sha256:40b951f601af999a8bf2ce8c71e8aaa4e8c6f78ff8afae7b808aae2dc50d4c40",
                "sha256:572e1787d1460da79590bf44304abbc0a2da944ea64ec549188fa84d89bba7ab",
                "sha256:58df5c2a0e293bf665a51f8a100d3e9956febfbf1d9aaf8c0677cf70218910c6",
                "sha256:64e6175c2e53195278d7388c454e0b30997573f3f4bd63697f88d855f7a6a1fc",
                "sha256:7227b47e73dedaa513cdebb98469705ef0d66eb5a1250144468e9c3097d6b59b",
                "sha256:7418b6bfc7fe3331541b84bb2141c9baf1ec7132a7ecd9f375912eca810e714e",
                "sha256:7cbd7574ce8e138bda9df4efc6bf2ab8572c9aff640d8ecfece1b006b68da963",
                "sha256:7ff61ff178250f9bb3cd89752df0f1dd0e27316a8bd1465351652b1b4a4cdfd3",
                "sha256:833e1551925ed51e6b44c800e71e77dacd7e49181fdc9ac9a0bf3714d515785d",
                "sha256:8639cadfda96737427330a094476d4c7a56ac03de7265622fcf4cfe57c8ae18d",
                "sha256:8c790abda465726cfb8bb08bd4ca9a5d0a7bd77c7ac1ca1b839ad823b948ea28",
                "sha256:8d2f1fb53a421b410751887eb4ff21386d119ef9cde3797bf5e7ed49fb51a3b3",
                "sha256:903bbd302a2378f984aef528f76d4c9b1748f318fe1294961c072bdc7f2ffa3e",
                "sha256:93f81b134a165cc17123626ab8da2e30c0455441d4ab5576eed73a64c025b25c",
                "sha256:95e69877983ea39b7303570fa6760f81a3eec23d0e3ab2021b7144b94d06202d",
                "sha256:9633b3034d3d901f0a46b7939f8c4d64427dfba6bbc5a36b1a67364cf148a1b0",
                "sha256:97e5306482182170ade15c4b0d8386ded995a07d7cc2ca8f27958d34d6736497",
                "sha256:9f3cba480d3deb69f6ee2c1825060177a22c7826431458c697df88e6aeb3caee",
                "sha256:aa5b467f15e78b82257319aebc78dd2915e4c1436c3c0d1ad6f53e47ba6e2713",
                "sha256:abb7a75ed8b968f3061327c433a0fbd17b729947b400747c334a9c29a9af6c58",
                "sha256:aec52725173bd3a7b56fe91bc56eccb26fbdff1386ef123abb63c84c5b43b63a",
                "sha256:b11548073a2213d950c3f671aa88e6f83cda6e2fb97a8b6317b1b5b33d850e06",
                "sha256:b1692f7d6bc45e3200844be0dba153612103db241691088626a33ff1f24a0d88",
                "sha256:b92e29e58bef6d9cfd340c72b04d74c4b4e9f70c9fa7c78b674d1fec18896dc4",
                "sha256:be5f425ff1f5f4b3c1e33ad64ab994eed12fc284a6ea71c5243fd564502ecbe5",
                "sha256:dd0b1e9e891f69e7675ba5c92e28b90eaa045f6ab134ffe70b52e948aa175b3c",
                "sha256:e30f5ea4ae2346e62cedde8794a56858a67b878dd79f7df76a0767e356b1744a",
                "sha256:e6a36bb9474218c7a5b27ae476035497a6990e21d04c279884eb10d9b290f1b1",
                "sha256:e859fcb4cbe93504ea18008d1df98dee4f7766db66c435e4882ab35cf70cac43",
                "sha256:eb6ea6da4c787111adf40f697b4e58732ee0942b5d3bd8f435277643329ba627",
                "sha256:ec8c433b3ab0419100bd45b47c9c8551248a5aee30ca5e9d399a0b57ac04651b",
                "sha256:eff9d20417ff9dcb0d25e2defc2574d10b491bf2e693b4e491914738b7908168",
                "sha256:f0214eb2a23b85528310dad848ad2ac58e735612929c8072f6093f3585fd342d",
                "sha256:f276df9830dba7a333544bd41070e8175762a7ac20350786b322b714b0e654f5",
                "sha256:f3acda1924472472ddd60c29e5b9db0cec629fbe3c5c5accb74d6d6d14773478",
                "sha256:f70a9e237bb792c7cc7e44c531fd48f5897961701cdaa06cf22fc14965c496cf",
                "sha256:f9d29ca8a77117315101425ec7ec2a47a22ccf59f5593378fc4077ac5b754fce",
                "sha256:fa877ca7f6b48054f847b61d6fa7bed5cebb663ebc55e018fda12db09dcc664c",
                "sha256:fdcec0b8399108577ec290f55551d926d9a1fa6cad45882093a7a07ac5ec147b"
            ],
            "markers": "python_version >= '3' and platform_machine == 'aarch64' or (platform_machine == 'ppc64le' or (platform_machine == 'x86_64' or (platform_machine == 'amd64' or (platform_machine == 'AMD64' or (platform_machine == 'win32' or platform_machine == 'WIN32')))))",
            "version": "==1.1.2"
        },
        "importlib-metadata": {
            "hashes": [
                "sha256:53ccfd5c134223e497627b9815d5030edf77d2ed573922f7a0b8f8bb81a1c100",
                "sha256:75bdec14c397f528724c1bfd9709d660b33a4d2e77387a3358f20b848bb5e5fb"
            ],
            "markers": "python_version < '3.8'",
            "version": "==4.8.2"
        },
        "itsdangerous": {
            "hashes": [
                "sha256:5174094b9637652bdb841a3029700391451bd092ba3db90600dea710ba28e97c",
                "sha256:9e724d68fc22902a1435351f84c3fb8623f303fffcc566a4cb952df8c572cff0"
            ],
            "markers": "python_version >= '3.6'",
            "version": "==2.0.1"
        },
        "jinja2": {
            "hashes": [
                "sha256:077ce6014f7b40d03b47d1f1ca4b0fc8328a692bd284016f806ed0eaca390ad8",
                "sha256:611bb273cd68f3b993fabdc4064fc858c5b47a973cb5aa7999ec1ba405c87cd7"
            ],
            "markers": "python_version >= '3.6'",
            "version": "==3.0.3"
        },
        "markupsafe": {
            "hashes": [
                "sha256:01a9b8ea66f1658938f65b93a85ebe8bc016e6769611be228d797c9d998dd298",
                "sha256:023cb26ec21ece8dc3907c0e8320058b2e0cb3c55cf9564da612bc325bed5e64",
                "sha256:0446679737af14f45767963a1a9ef7620189912317d095f2d9ffa183a4d25d2b",
                "sha256:04635854b943835a6ea959e948d19dcd311762c5c0c6e1f0e16ee57022669194",
                "sha256:0717a7390a68be14b8c793ba258e075c6f4ca819f15edfc2a3a027c823718567",
                "sha256:0955295dd5eec6cb6cc2fe1698f4c6d84af2e92de33fbcac4111913cd100a6ff",
                "sha256:0d4b31cc67ab36e3392bbf3862cfbadac3db12bdd8b02a2731f509ed5b829724",
                "sha256:10f82115e21dc0dfec9ab5c0223652f7197feb168c940f3ef61563fc2d6beb74",
                "sha256:168cd0a3642de83558a5153c8bd34f175a9a6e7f6dc6384b9655d2697312a646",
                "sha256:1d609f577dc6e1aa17d746f8bd3c31aa4d258f4070d61b2aa5c4166c1539de35",
                "sha256:1f2ade76b9903f39aa442b4aadd2177decb66525062db244b35d71d0ee8599b6",
                "sha256:20dca64a3ef2d6e4d5d615a3fd418ad3bde77a47ec8a23d984a12b5b4c74491a",
                "sha256:2a7d351cbd8cfeb19ca00de495e224dea7e7d919659c2841bbb7f420ad03e2d6",
                "sha256:2d7d807855b419fc2ed3e631034685db6079889a1f01d5d9dac950f764da3dad",
                "sha256:2ef54abee730b502252bcdf31b10dacb0a416229b72c18b19e24a4509f273d26",
                "sha256:36bc903cbb393720fad60fc28c10de6acf10dc6cc883f3e24ee4012371399a38",
                "sha256:37205cac2a79194e3750b0af2a5720d95f786a55ce7df90c3af697bfa100eaac",
                "sha256:3c112550557578c26af18a1ccc9e090bfe03832ae994343cfdacd287db6a6ae7",
                "sha256:3dd007d54ee88b46be476e293f48c85048603f5f516008bee124ddd891398ed6",
                "sha256:4296f2b1ce8c86a6aea78613c34bb1a672ea0e3de9c6ba08a960efe0b0a09047",
                "sha256:47ab1e7b91c098ab893b828deafa1203de86d0bc6ab587b160f78fe6c4011f75",
                "sha256:49e3ceeabbfb9d66c3aef5af3a60cc43b85c33df25ce03d0031a608b0a8b2e3f",
                "sha256:4dc8f9fb58f7364b63fd9f85013b780ef83c11857ae79f2feda41e270468dd9b",
                "sha256:4efca8f86c54b22348a5467704e3fec767b2db12fc39c6d963168ab1d3fc9135",
                "sha256:53edb4da6925ad13c07b6d26c2a852bd81e364f95301c66e930ab2aef5b5ddd8",
                "sha256:5855f8438a7d1d458206a2466bf82b0f104a3724bf96a1c781ab731e4201731a",
                "sha256:594c67807fb16238b30c44bdf74f36c02cdf22d1c8cda91ef8a0ed8dabf5620a",
                "sha256:5b6d930f030f8ed98e3e6c98ffa0652bdb82601e7a016ec2ab5d7ff23baa78d1",
                "sha256:5bb28c636d87e840583ee3adeb78172efc47c8b26127267f54a9c0ec251d41a9",
                "sha256:60bf42e36abfaf9aff1f50f52644b336d4f0a3fd6d8a60ca0d054ac9f713a864",
                "sha256:611d1ad9a4288cf3e3c16014564df047fe08410e628f89805e475368bd304914",
                "sha256:6300b8454aa6930a24b9618fbb54b5a68135092bc666f7b06901f897fa5c2fee",
                "sha256:63f3268ba69ace99cab4e3e3b5840b03340efed0948ab8f78d2fd87ee5442a4f",
                "sha256:6557b31b5e2c9ddf0de32a691f2312a32f77cd7681d8af66c2692efdbef84c18",
                "sha256:693ce3f9e70a6cf7d2fb9e6c9d8b204b6b39897a2c4a1aa65728d5ac97dcc1d8",
                "sha256:6a7fae0dd14cf60ad5ff42baa2e95727c3d81ded453457771d02b7d2b3f9c0c2",
                "sha256:6c4ca60fa24e85fe25b912b01e62cb969d69a23a5d5867682dd3e80b5b02581d",
                "sha256:6fcf051089389abe060c9cd7caa212c707e58153afa2c649f00346ce6d260f1b",
                "sha256:7d91275b0245b1da4d4cfa07e0faedd5b0812efc15b702576d103293e252af1b",
                "sha256:89c687013cb1cd489a0f0ac24febe8c7a666e6e221b783e53ac50ebf68e45d86",
                "sha256:8d206346619592c6200148b01a2142798c989edcb9c896f9ac9722a99d4e77e6",
                "sha256:905fec760bd2fa1388bb5b489ee8ee5f7291d692638ea5f67982d968366bef9f",
                "sha256:97383d78eb34da7e1fa37dd273c20ad4320929af65d156e35a5e2d89566d9dfb",
                "sha256:984d76483eb32f1bcb536dc27e4ad56bba4baa70be32fa87152832cdd9db0833",
                "sha256:99df47edb6bda1249d3e80fdabb1dab8c08ef3975f69aed437cb69d0a5de1e28",
                "sha256:9f02365d4e99430a12647f09b6cc8bab61a6564363f313126f775eb4f6ef798e",
                "sha256:a30e67a65b53ea0a5e62fe23682cfe22712e01f453b95233b25502f7c61cb415",
                "sha256:ab3ef638ace319fa26553db0624c4699e31a28bb2a835c5faca8f8acf6a5a902",
                "sha256:aca6377c0cb8a8253e493c6b451565ac77e98c2951c45f913e0b52facdcff83f",
                "sha256:add36cb2dbb8b736611303cd3bfcee00afd96471b09cda130da3581cbdc56a6d",
                "sha256:b2f4bf27480f5e5e8ce285a8c8fd176c0b03e93dcc6646477d4630e83440c6a9",
                "sha256:b7f2d075102dc8c794cbde1947378051c4e5180d52d276987b8d28a3bd58c17d",
                "sha256:baa1a4e8f868845af802979fcdbf0bb11f94f1cb7ced4c4b8a351bb60d108145",
                "sha256:be98f628055368795d818ebf93da628541e10b75b41c559fdf36d104c5787066",
                "sha256:bf5d821ffabf0ef3533c39c518f3357b171a1651c1ff6827325e4489b0e46c3c",
                "sha256:c47adbc92fc1bb2b3274c4b3a43ae0e4573d9fbff4f54cd484555edbf030baf1",
                "sha256:cdfba22ea2f0029c9261a4bd07e830a8da012291fbe44dc794e488b6c9bb353a",
                "sha256:d6c7ebd4e944c85e2c3421e612a7057a2f48d478d79e61800d81468a8d842207",
                "sha256:d7f9850398e85aba693bb640262d3611788b1f29a79f0c93c565694658f4071f",
                "sha256:d8446c54dc28c01e5a2dbac5a25f071f6653e6e40f3a8818e8b45d790fe6ef53",
                "sha256:deb993cacb280823246a026e3b2d81c493c53de6acfd5e6bfe31ab3402bb37dd",
                "sha256:e0f138900af21926a02425cf736db95be9f4af72ba1bb21453432a07f6082134",
                "sha256:e9936f0b261d4df76ad22f8fee3ae83b60d7c3e871292cd42f40b81b70afae85",
                "sha256:f0567c4dc99f264f49fe27da5f735f414c4e7e7dd850cfd8e69f0862d7c74ea9",
                "sha256:f5653a225f31e113b152e56f154ccbe59eeb1c7487b39b9d9f9cdb58e6c79dc5",
                "sha256:f826e31d18b516f653fe296d967d700fddad5901ae07c622bb3705955e1faa94",
                "sha256:f8ba0e8349a38d3001fae7eadded3f6606f0da5d748ee53cc1dab1d6527b9509",
                "sha256:f9081981fe268bd86831e5c75f7de206ef275defcb82bc70740ae6dc507aee51",
                "sha256:fa130dd50c57d53368c9d59395cb5526eda596d3ffe36666cd81a44d56e48872"
            ],
            "markers": "python_version >= '3.6'",
            "version": "==2.0.1"
        },
        "marshmallow": {
            "hashes": [
                "sha256:04438610bc6dadbdddb22a4a55bcc7f6f8099e69580b2e67f5a681933a1f4400",
                "sha256:4c05c1684e0e97fe779c62b91878f173b937fe097b356cd82f793464f5bc6138"
            ],
            "markers": "python_version >= '3.6'",
            "version": "==3.14.1"
        },
        "marshmallow-sqlalchemy": {
            "hashes": [
                "sha256:ba7493eeb8669a3bf00d8f906b657feaa87a740ae9e4ecf829cfd6ddf763d276",
                "sha256:d8525f74de51554b5c8491effe036f60629a426229befa33ff614c8569a16a73"
            ],
            "index": "pypi",
            "version": "==0.26.1"
        },
        "numpy": {
            "hashes": [
                "sha256:0b78ecfa070460104934e2caf51694ccd00f37d5e5dbe76f021b1b0b0d221823",
                "sha256:1247ef28387b7bb7f21caf2dbe4767f4f4175df44d30604d42ad9bd701ebb31f",
                "sha256:1403b4e2181fc72664737d848b60e65150f272fe5a1c1cbc16145ed43884065a",
                "sha256:170b2a0805c6891ca78c1d96ee72e4c3ed1ae0a992c75444b6ab20ff038ba2cd",
                "sha256:2e4ed57f45f0aa38beca2a03b6532e70e548faf2debbeb3291cfc9b315d9be8f",
                "sha256:32fe5b12061f6446adcbb32cf4060a14741f9c21e15aaee59a207b6ce6423469",
                "sha256:34f3456f530ae8b44231c63082c8899fe9c983fd9b108c997c4b1c8c2d435333",
                "sha256:4c9c23158b87ed0e70d9a50c67e5c0b3f75bcf2581a8e34668d4e9d7474d76c6",
                "sha256:5d95668e727c75b3f5088ec7700e260f90ec83f488e4c0aaccb941148b2cd377",
                "sha256:615d4e328af7204c13ae3d4df7615a13ff60a49cb0d9106fde07f541207883ca",
                "sha256:69077388c5a4b997442b843dbdc3a85b420fb693ec8e33020bb24d647c164fa5",
                "sha256:74b85a17528ca60cf98381a5e779fc0264b4a88b46025e6bcbe9621f46bb3e63",
                "sha256:81225e58ef5fce7f1d80399575576fc5febec79a8a2742e8ef86d7b03beef49f",
                "sha256:8890b3360f345e8360133bc078d2dacc2843b6ee6059b568781b15b97acbe39f",
                "sha256:92aafa03da8658609f59f18722b88f0a73a249101169e28415b4fa148caf7e41",
                "sha256:9864424631775b0c052f3bd98bc2712d131b3e2cd95d1c0c68b91709170890b0",
                "sha256:9e6f5f50d1eff2f2f752b3089a118aee1ea0da63d56c44f3865681009b0af162",
                "sha256:a3deb31bc84f2b42584b8c4001c85d1934dbfb4030827110bc36bfd11509b7bf",
                "sha256:ad010846cdffe7ec27e3f933397f8a8d6c801a48634f419e3d075db27acf5880",
                "sha256:b1e2312f5b8843a3e4e8224b2b48fe16119617b8fc0a54df8f50098721b5bed2",
                "sha256:bc988afcea53e6156546e5b2885b7efab089570783d9d82caf1cfd323b0bb3dd",
                "sha256:c449eb870616a7b62e097982c622d2577b3dbc800aaf8689254ec6e0197cbf1e",
                "sha256:c74c699b122918a6c4611285cc2cad4a3aafdb135c22a16ec483340ef97d573c",
                "sha256:c885bfc07f77e8fee3dc879152ba993732601f1f11de248d4f357f0ffea6a6d4",
                "sha256:e3c3e990274444031482a31280bf48674441e0a5b55ddb168f3a6db3e0c38ec8",
                "sha256:e4799be6a2d7d3c33699a6f77201836ac975b2e1b98c2a07f66a38f499cb50ce",
                "sha256:e6c76a87633aa3fa16614b61ccedfae45b91df2767cf097aa9c933932a7ed1e0",
                "sha256:e89717274b41ebd568cd7943fc9418eeb49b1785b66031bc8a7f6300463c5898",
                "sha256:f5162ec777ba7138906c9c274353ece5603646c6965570d82905546579573f73",
                "sha256:fde96af889262e85aa033f8ee1d3241e32bf36228318a61f1ace579df4e8170d"
            ],
            "markers": "python_version < '3.10' and platform_machine != 'aarch64' and platform_machine != 'arm64'",
            "version": "==1.21.4"
        },
        "pandas": {
            "hashes": [
                "sha256:003ba92db58b71a5f8add604a17a059f3068ef4e8c0c365b088468d0d64935fd",
                "sha256:10e10a2527db79af6e830c3d5842a4d60383b162885270f8cffc15abca4ba4a9",
                "sha256:22808afb8f96e2269dcc5b846decacb2f526dd0b47baebc63d913bf847317c8f",
                "sha256:2d1dc09c0013d8faa7474574d61b575f9af6257ab95c93dcf33a14fd8d2c1bab",
                "sha256:35c77609acd2e4d517da41bae0c11c70d31c87aae8dd1aabd2670906c6d2c143",
                "sha256:372d72a3d8a5f2dbaf566a5fa5fa7f230842ac80f29a931fb4b071502cf86b9a",
                "sha256:42493f8ae67918bf129869abea8204df899902287a7f5eaf596c8e54e0ac7ff4",
                "sha256:4acc28364863127bca1029fb72228e6f473bb50c32e77155e80b410e2068eeac",
                "sha256:5298a733e5bfbb761181fd4672c36d0c627320eb999c59c65156c6a90c7e1b4f",
                "sha256:5ba0aac1397e1d7b654fccf263a4798a9e84ef749866060d19e577e927d66e1b",
                "sha256:9707bdc1ea9639c886b4d3be6e2a45812c1ac0c2080f94c31b71c9fa35556f9b",
                "sha256:a2aa18d3f0b7d538e21932f637fbfe8518d085238b429e4790a35e1e44a96ffc",
                "sha256:a388960f979665b447f0847626e40f99af8cf191bce9dc571d716433130cb3a7",
                "sha256:a51528192755f7429c5bcc9e80832c517340317c861318fea9cea081b57c9afd",
                "sha256:b528e126c13816a4374e56b7b18bfe91f7a7f6576d1aadba5dee6a87a7f479ae",
                "sha256:c1aa4de4919358c5ef119f6377bc5964b3a7023c23e845d9db7d9016fa0c5b1c",
                "sha256:c2646458e1dce44df9f71a01dc65f7e8fa4307f29e5c0f2f92c97f47a5bf22f5",
                "sha256:c2f44425594ae85e119459bb5abb0748d76ef01d9c08583a667e3339e134218e",
                "sha256:d47750cf07dee6b55d8423471be70d627314277976ff2edd1381f02d52dbadf9",
                "sha256:d99d2350adb7b6c3f7f8f0e5dfb7d34ff8dd4bc0a53e62c445b7e43e163fce63",
                "sha256:dd324f8ee05925ee85de0ea3f0d66e1362e8c80799eb4eb04927d32335a3e44a",
                "sha256:eaca36a80acaacb8183930e2e5ad7f71539a66805d6204ea88736570b2876a7b",
                "sha256:f567e972dce3bbc3a8076e0b675273b4a9e8576ac629149cf8286ee13c259ae5",
                "sha256:fe48e4925455c964db914b958f6e7032d285848b7538a5e1b19aeb26ffaea3ec"
            ],
            "index": "pypi",
            "version": "==1.3.4"
        },
        "psycopg2": {
            "hashes": [
                "sha256:26322c3f114de1f60c1b0febf8fdd595c221b4f624524178f515d07350a71bd1",
                "sha256:6796ac614412ce374587147150e56d03b7845c9e031b88aacdcadc880e81bb38",
                "sha256:77b9105ef37bc005b8ffbcb1ed6d8685bb0e8ce84773738aa56421a007ec5a7a",
                "sha256:77d09a79f9739b97099d2952bbbf18eaa4eaf825362387acbb9552ec1b3fa228",
                "sha256:91c7fd0fe9e6c118e8ff5b665bc3445781d3615fa78e131d0b4f8c85e8ca9ec8",
                "sha256:a761b60da0ecaf6a9866985bcde26327883ac3cdb90535ab68b8d784f02b05ef",
                "sha256:a84da9fa891848e0270e8e04dcca073bc9046441eeb47069f5c0e36783debbea",
                "sha256:b8816c6410fa08d2a022e4e38d128bae97c1855e176a00493d6ec62ccd606d57",
                "sha256:dfc32db6ce9ecc35a131320888b547199f79822b028934bb5b332f4169393e15",
                "sha256:f65cba7924363e0d2f416041b48ff69d559548f2cb168ff972c54e09e1e64db8",
                "sha256:fd7ddab7d6afee4e21c03c648c8b667b197104713e57ec404d5b74097af21e31"
            ],
            "index": "pypi",
            "version": "==2.9.2"
        },
        "python-dateutil": {
            "hashes": [
                "sha256:0123cacc1627ae19ddf3c27a5de5bd67ee4586fbdd6440d9748f8abb483d3e86",
                "sha256:961d03dc3453ebbc59dbdea9e4e11c5651520a876d0f4db161e8674aae935da9"
            ],
            "markers": "python_version >= '2.7' and python_version not in '3.0, 3.1, 3.2, 3.3'",
            "version": "==2.8.2"
        },
        "pytz": {
            "hashes": [
                "sha256:3672058bc3453457b622aab7a1c3bfd5ab0bdae451512f6cf25f64ed37f5b87c",
                "sha256:acad2d8b20a1af07d4e4c9d2e9285c5ed9104354062f275f3fcd88dcef4f1326"
            ],
            "version": "==2021.3"
        },
        "six": {
            "hashes": [
                "sha256:1e61c37477a1626458e36f7b1d82aa5c9b094fa4802892072e49de9c60c4c926",
                "sha256:8abb2f1d86890a2dfb989f9a77cfcfd3e47c2a354b01111771326f8aa26e0254"
            ],
            "markers": "python_version >= '2.7' and python_version not in '3.0, 3.1, 3.2, 3.3'",
            "version": "==1.16.0"
        },
        "sqlalchemy": {
            "hashes": [
                "sha256:015511c52c650eebf1059ed8a21674d9d4ae567ebfd80fc73f8252faccd71864",
                "sha256:0438bccc16349db2d5203598be6073175ce16d4e53b592d6e6cef880c197333e",
                "sha256:10230364479429437f1b819a8839f1edc5744c018bfeb8d01320930f97695bc9",
                "sha256:2146ef996181e3d4dd20eaf1d7325eb62d6c8aa4dc1677c1872ddfa8561a47d9",
                "sha256:24828c5e74882cf41516740c0b150702bee4c6817d87d5c3d3bafef2e6896f80",
                "sha256:2717ceae35e71de1f58b0d1ee7e773d3aab5c403c6e79e8d262277c7f7f95269",
                "sha256:2e93624d186ea7a738ada47314701c8830e0e4b021a6bce7fbe6f39b87ee1516",
                "sha256:435b1980c1333ffe3ab386ad28d7b209590b0fa83ea8544d853e7a22f957331b",
                "sha256:486f7916ef77213103467924ef25f5ea1055ae901f385fe4d707604095fdf6a9",
                "sha256:4ac8306e04275d382d6393e557047b0a9d7ddf9f7ca5da9b3edbd9323ea75bd9",
                "sha256:4d1d707b752137e6bf45720648e1b828d5e4881d690df79cca07f7217ea06365",
                "sha256:52f23a76544ed29573c0f3ee41f0ca1aedbab3a453102b60b540cc6fa55448ad",
                "sha256:5beeff18b4e894f6cb73c8daf2c0d8768844ef40d97032bb187d75b1ec8de24b",
                "sha256:6510f4a5029643301bdfe56b61e806093af2101d347d485c42a5535847d2c699",
                "sha256:6afa9e4e63f066e0fd90a21db7e95e988d96127f52bfb298a0e9bec6999357a9",
                "sha256:771eca9872b47a629010665ff92de1c248a6979b8d1603daced37773d6f6e365",
                "sha256:78943451ab3ffd0e27876f9cea2b883317518b418f06b90dadf19394534637e9",
                "sha256:8327e468b1775c0dfabc3d01f39f440585bf4d398508fcbbe2f0d931c502337d",
                "sha256:8dbe5f639e6d035778ebf700be6d573f82a13662c3c2c3aa0f1dba303b942806",
                "sha256:9134e5810262203388b203c2022bbcbf1a22e89861eef9340e772a73dd9076fa",
                "sha256:9369f927f4d19b58322cfea8a51710a3f7c47a0e7f3398d94a4632760ecd74f6",
                "sha256:987fe2f84ceaf744fa0e48805152abe485a9d7002c9923b18a4b2529c7bff218",
                "sha256:a5881644fc51af7b232ab8d64f75c0f32295dfe88c2ee188023795cdbd4cf99b",
                "sha256:a81e40dfa50ed3c472494adadba097640bfcf43db160ed783132045eb2093cb1",
                "sha256:aadc6d1e58e14010ae4764d1ba1fd0928dbb9423b27a382ea3a1444f903f4084",
                "sha256:ad8ec6b69d03e395db48df8991aa15fce3cd23e378b73e01d46a26a6efd5c26d",
                "sha256:b02eee1577976acb4053f83d32b7826424f8b9f70809fa756529a52c6537eda4",
                "sha256:bac949be7579fed824887eed6672f44b7c4318abbfb2004b2c6968818b535a2f",
                "sha256:c035184af4e58e154b0977eea52131edd096e0754a88f7d5a847e7ccb3510772",
                "sha256:c7d0a1b1258efff7d7f2e6cfa56df580d09ba29d35a1e3f604f867e1f685feb2",
                "sha256:cc49fb8ff103900c20e4a9c53766c82a7ebbc183377fb357a8298bad216e9cdd",
                "sha256:d768359daeb3a86644f3854c6659e4496a3e6bba2b4651ecc87ce7ad415b320c",
                "sha256:d81c84c9d2523b3ea20f8e3aceea68615768a7464c0f9a9899600ce6592ec570",
                "sha256:ec1c908fa721f2c5684900cc8ff75555b1a5a2ae4f5a5694eb0e37a5263cea44",
                "sha256:fa52534076394af7315306a8701b726a6521b591d95e8f4e5121c82f94790e8d",
                "sha256:fd421a14edf73cfe01e8f51ed8966294ee3b3db8da921cacc88e497fd6e977af"
            ],
            "markers": "python_version >= '2.7' and python_version not in '3.0, 3.1, 3.2, 3.3, 3.4, 3.5'",
            "version": "==1.4.27"
        },
        "typing-extensions": {
            "hashes": [
                "sha256:2cdf80e4e04866a9b3689a51869016d36db0814d84b8d8a568d22781d45d27ed",
                "sha256:829704698b22e13ec9eaf959122315eabb370b0884400e9818334d8b677023d9"
            ],
            "markers": "python_version < '3.8'",
            "version": "==4.0.0"
        },
        "werkzeug": {
            "hashes": [
                "sha256:63d3dc1cf60e7b7e35e97fa9861f7397283b75d765afcaefd993d6046899de8f",
                "sha256:aa2bb6fc8dee8d6c504c0ac1e7f5f7dc5810a9903e793b6f715a9f015bdadb9a"
            ],
            "markers": "python_version >= '3.6'",
            "version": "==2.0.2"
        },
        "zipp": {
            "hashes": [
                "sha256:71c644c5369f4a6e07636f0aa966270449561fcea2e3d6747b8d23efaa9d7832",
                "sha256:9fe5ea21568a0a70e50f273397638d39b03353731e6cbbb3fd8502a33fec40bc"
            ],
            "markers": "python_version >= '3.6'",
            "version": "==3.6.0"
        }
    },
    "develop": {}
}
